
Microsoft Visual Studio Solution File, Format Version 12.00
# Visual Studio Version 16
VisualStudioVersion = 16.0.28711.60
MinimumVisualStudioVersion = 10.0.40219.1
Project("{9A19103F-16F7-4668-BE54-9A1E7A4F7556}") = "Mango.Framework.Core", "Mango.Framework.Core\Mango.Framework.Core.csproj", "{DC3DCF41-BB61-4CF4-95FE-ABB0651F0396}"
EndProject
Project("{9A19103F-16F7-4668-BE54-9A1E7A4F7556}") = "Mango.Framework.EFCore", "Mango.Framework.EFCore\Mango.Framework.EFCore.csproj", "{C8D0CEDD-5186-4FE4-90E5-58DC8CCD3838}"
EndProject
Project("{9A19103F-16F7-4668-BE54-9A1E7A4F7556}") = "Mango.Framework.Services", "Mango.Framework.Services\Mango.Framework.Services.csproj", "{F32F8329-89C8-425E-A2D8-70EC0F3830A7}"
EndProject
Project("{9A19103F-16F7-4668-BE54-9A1E7A4F7556}") = "Mango.Entity", "Mango.Entity\Mango.Entity.csproj", "{7BD9E73B-68DA-4A80-980D-A8747F38AD8A}"
EndProject
Project("{9A19103F-16F7-4668-BE54-9A1E7A4F7556}") = "Mango.Common", "Mango.Common\Mango.Common.csproj", "{37C0F4DE-C5A8-49A5-B5EE-8BEFC6CA6AF8}"
EndProject
Project("{9A19103F-16F7-4668-BE54-9A1E7A4F7556}") = "Mango.Repository", "Mango.Repository\Mango.Repository.csproj", "{93FFF34B-0013-4449-B494-2B5C1D036052}"
EndProject
Project("{2150E333-8FDC-42A3-9474-1A3956D46DE8}") = "framework", "framework", "{9FCEC7C6-0237-4591-A46D-A0DE60566127}"
EndProject
Project("{2150E333-8FDC-42A3-9474-1A3956D46DE8}") = "lib", "lib", "{2F4D9CD0-814E-403C-9267-0EA535EE1F43}"
EndProject
Project("{2150E333-8FDC-42A3-9474-1A3956D46DE8}") = "app", "app", "{E6F0A399-1586-4DBD-98BD-6ECF30FDBA06}"
EndProject
Project("{9A19103F-16F7-4668-BE54-9A1E7A4F7556}") = "Mango.Models", "Mango.Models\Mango.Models.csproj", "{1EEC6FBA-EC62-4827-ACEF-F60F55216DDB}"
EndProject
Project("{9A19103F-16F7-4668-BE54-9A1E7A4F7556}") = "Mango.Web", "Mango.Web\Mango.Web.csproj", "{C0013443-88AB-446F-88A8-D4E5030A7027}"
EndProject
Project("{9A19103F-16F7-4668-BE54-9A1E7A4F7556}") = "Mango.Manager", "Mango.Manager\Mango.Manager.csproj", "{E2E5E65D-7C2F-4B97-AEBD-F9224BD060C7}"
EndProject
Global
	GlobalSection(SolutionConfigurationPlatforms) = preSolution
		Debug|Any CPU = Debug|Any CPU
		Release|Any CPU = Release|Any CPU
	EndGlobalSection
	GlobalSection(ProjectConfigurationPlatforms) = postSolution
		{DC3DCF41-BB61-4CF4-95FE-ABB0651F0396}.Debug|Any CPU.ActiveCfg = Debug|Any CPU
		{DC3DCF41-BB61-4CF4-95FE-ABB0651F0396}.Debug|Any CPU.Build.0 = Debug|Any CPU
		{DC3DCF41-BB61-4CF4-95FE-ABB0651F0396}.Release|Any CPU.ActiveCfg = Release|Any CPU
		{DC3DCF41-BB61-4CF4-95FE-ABB0651F0396}.Release|Any CPU.Build.0 = Release|Any CPU
		{C8D0CEDD-5186-4FE4-90E5-58DC8CCD3838}.Debug|Any CPU.ActiveCfg = Debug|Any CPU
		{C8D0CEDD-5186-4FE4-90E5-58DC8CCD3838}.Debug|Any CPU.Build.0 = Debug|Any CPU
		{C8D0CEDD-5186-4FE4-90E5-58DC8CCD3838}.Release|Any CPU.ActiveCfg = Release|Any CPU
		{C8D0CEDD-5186-4FE4-90E5-58DC8CCD3838}.Release|Any CPU.Build.0 = Release|Any CPU
		{F32F8329-89C8-425E-A2D8-70EC0F3830A7}.Debug|Any CPU.ActiveCfg = Debug|Any CPU
		{F32F8329-89C8-425E-A2D8-70EC0F3830A7}.Debug|Any CPU.Build.0 = Debug|Any CPU
		{F32F8329-89C8-425E-A2D8-70EC0F3830A7}.Release|Any CPU.ActiveCfg = Release|Any CPU
		{F32F8329-89C8-425E-A2D8-70EC0F3830A7}.Release|Any CPU.Build.0 = Release|Any CPU
		{7BD9E73B-68DA-4A80-980D-A8747F38AD8A}.Debug|Any CPU.ActiveCfg = Debug|Any CPU
		{7BD9E73B-68DA-4A80-980D-A8747F38AD8A}.Debug|Any CPU.Build.0 = Debug|Any CPU
		{7BD9E73B-68DA-4A80-980D-A8747F38AD8A}.Release|Any CPU.ActiveCfg = Release|Any CPU
		{7BD9E73B-68DA-4A80-980D-A8747F38AD8A}.Release|Any CPU.Build.0 = Release|Any CPU
		{37C0F4DE-C5A8-49A5-B5EE-8BEFC6CA6AF8}.Debug|Any CPU.ActiveCfg = Debug|Any CPU
		{37C0F4DE-C5A8-49A5-B5EE-8BEFC6CA6AF8}.Debug|Any CPU.Build.0 = Debug|Any CPU
		{37C0F4DE-C5A8-49A5-B5EE-8BEFC6CA6AF8}.Release|Any CPU.ActiveCfg = Release|Any CPU
		{37C0F4DE-C5A8-49A5-B5EE-8BEFC6CA6AF8}.Release|Any CPU.Build.0 = Release|Any CPU
		{93FFF34B-0013-4449-B494-2B5C1D036052}.Debug|Any CPU.ActiveCfg = Debug|Any CPU
		{93FFF34B-0013-4449-B494-2B5C1D036052}.Debug|Any CPU.Build.0 = Debug|Any CPU
		{93FFF34B-0013-4449-B494-2B5C1D036052}.Release|Any CPU.ActiveCfg = Release|Any CPU
		{93FFF34B-0013-4449-B494-2B5C1D036052}.Release|Any CPU.Build.0 = Release|Any CPU
		{1EEC6FBA-EC62-4827-ACEF-F60F55216DDB}.Debug|Any CPU.ActiveCfg = Debug|Any CPU
		{1EEC6FBA-EC62-4827-ACEF-F60F55216DDB}.Debug|Any CPU.Build.0 = Debug|Any CPU
		{1EEC6FBA-EC62-4827-ACEF-F60F55216DDB}.Release|Any CPU.ActiveCfg = Release|Any CPU
		{1EEC6FBA-EC62-4827-ACEF-F60F55216DDB}.Release|Any CPU.Build.0 = Release|Any CPU
		{C0013443-88AB-446F-88A8-D4E5030A7027}.Debug|Any CPU.ActiveCfg = Debug|Any CPU
		{C0013443-88AB-446F-88A8-D4E5030A7027}.Debug|Any CPU.Build.0 = Debug|Any CPU
		{C0013443-88AB-446F-88A8-D4E5030A7027}.Release|Any CPU.ActiveCfg = Release|Any CPU
		{C0013443-88AB-446F-88A8-D4E5030A7027}.Release|Any CPU.Build.0 = Release|Any CPU
		{E2E5E65D-7C2F-4B97-AEBD-F9224BD060C7}.Debug|Any CPU.ActiveCfg = Debug|Any CPU
		{E2E5E65D-7C2F-4B97-AEBD-F9224BD060C7}.Debug|Any CPU.Build.0 = Debug|Any CPU
		{E2E5E65D-7C2F-4B97-AEBD-F9224BD060C7}.Release|Any CPU.ActiveCfg = Release|Any CPU
		{E2E5E65D-7C2F-4B97-AEBD-F9224BD060C7}.Release|Any CPU.Build.0 = Release|Any CPU
	EndGlobalSection
	GlobalSection(SolutionProperties) = preSolution
		HideSolutionNode = FALSE
	EndGlobalSection
	GlobalSection(NestedProjects) = preSolution
		{DC3DCF41-BB61-4CF4-95FE-ABB0651F0396} = {9FCEC7C6-0237-4591-A46D-A0DE60566127}
		{C8D0CEDD-5186-4FE4-90E5-58DC8CCD3838} = {9FCEC7C6-0237-4591-A46D-A0DE60566127}
		{F32F8329-89C8-425E-A2D8-70EC0F3830A7} = {9FCEC7C6-0237-4591-A46D-A0DE60566127}
		{7BD9E73B-68DA-4A80-980D-A8747F38AD8A} = {2F4D9CD0-814E-403C-9267-0EA535EE1F43}
		{37C0F4DE-C5A8-49A5-B5EE-8BEFC6CA6AF8} = {2F4D9CD0-814E-403C-9267-0EA535EE1F43}
		{93FFF34B-0013-4449-B494-2B5C1D036052} = {2F4D9CD0-814E-403C-9267-0EA535EE1F43}
		{1EEC6FBA-EC62-4827-ACEF-F60F55216DDB} = {2F4D9CD0-814E-403C-9267-0EA535EE1F43}
		{C0013443-88AB-446F-88A8-D4E5030A7027} = {E6F0A399-1586-4DBD-98BD-6ECF30FDBA06}
		{E2E5E65D-7C2F-4B97-AEBD-F9224BD060C7} = {E6F0A399-1586-4DBD-98BD-6ECF30FDBA06}
	EndGlobalSection
	GlobalSection(ExtensibilityGlobals) = postSolution
		SolutionGuid = {21ECA32D-FCC3-4691-9262-15F5DDF7DEEE}
	EndGlobalSection
EndGlobal
